// !$*UTF8*$!
{
	archiveVersion = 1;
	classes = {
	};
	objectVersion = 70;
	objects = {

/* Begin PBXBuildFile section */
		1D1D1D1D1D1D1D1D /* TriageAppApp.swift in Sources */ = {isa = PBXBuildFile; fileRef = 1D1D1D1C1D1D1D1C /* TriageAppApp.swift */; };
		1D1D1D1F1D1D1D1F /* ContentView.swift in Sources */ = {isa = PBXBuildFile; fileRef = 1D1D1D1E1D1D1D1E /* ContentView.swift */; };
		1D1D1D211D1D1D21 /* Assets.xcassets in Resources */ = {isa = PBXBuildFile; fileRef = 1D1D1D201D1D1D20 /* Assets.xcassets */; };
		1D1D1D241D1D1D24 /* Preview Assets.xcassets in Resources */ = {isa = PBXBuildFile; fileRef = 1D1D1D231D1D1D23 /* Preview Assets.xcassets */; };
		1D1D1D2B1D1D1D2B /* TriageViewModel.swift in Sources */ = {isa = PBXBuildFile; fileRef = 1D1D1D2A1D1D1D2A /* TriageViewModel.swift */; };
		1D1D1D2D1D1D1D2D /* Retriever.swift in Sources */ = {isa = PBXBuildFile; fileRef = 1D1D1D2C1D1D1D2C /* Retriever.swift */; };
		1D1D1D311D1D1D31 /* TriageParser.swift in Sources */ = {isa = PBXBuildFile; fileRef = 1D1D1D301D1D1D30 /* TriageParser.swift */; };
		1D1D1D331D1D1D33 /* PromptBuilder.swift in Sources */ = {isa = PBXBuildFile; fileRef = 1D1D1D321D1D1D32 /* PromptBuilder.swift */; };
		1D1D1D351D1D1D35 /* chunks.sqlite in Resources */ = {isa = PBXBuildFile; fileRef = 1D1D1D341D1D1D34 /* chunks.sqlite */; };
		1D1D1D371D1D1D37 /* faiss.index in Resources */ = {isa = PBXBuildFile; fileRef = 1D1D1D361D1D1D36 /* faiss.index */; };
		1D1D1D391D1D1D39 /* ids.bin in Resources */ = {isa = PBXBuildFile; fileRef = 1D1D1D381D1D1D38 /* ids.bin */; };
		1D1D1D3E1D1D1D3E /* FAISSBridge.swift in Sources */ = {isa = PBXBuildFile; fileRef = 1D1D1D3F1D1D1D3F /* FAISSBridge.swift */; };
		1D1D1D401D1D1D40 /* EmbeddingComputer.swift in Sources */ = {isa = PBXBuildFile; fileRef = 1D1D1D411D1D1D41 /* EmbeddingComputer.swift */; };
		1D1D1D521D1D1D52 /* DatabaseHelper.swift in Sources */ = {isa = PBXBuildFile; fileRef = 1D1D1D531D1D1D53 /* DatabaseHelper.swift */; };
		7A738BCD2E92200C005A3861 /* MLXGenerator.swift in Sources */ = {isa = PBXBuildFile; fileRef = 7A738BCC2E92200C005A3861 /* MLXGenerator.swift */; };
		7A738BDD2E932FE1005A3861 /* MLXLLM in Frameworks */ = {isa = PBXBuildFile; productRef = 7A738BDC2E932FE1005A3861 /* MLXLLM */; };
		7A738BDF2E932FE1005A3861 /* MLXLMCommon in Frameworks */ = {isa = PBXBuildFile; productRef = 7A738BDE2E932FE1005A3861 /* MLXLMCommon */; };
		7A738BE12E93300C005A3861 /* MLXEmbedders in Frameworks */ = {isa = PBXBuildFile; productRef = 7A738BE02E93300C005A3861 /* MLXEmbedders */; };
		7A738BE32E93300C005A3861 /* MLXLLM in Frameworks */ = {isa = PBXBuildFile; productRef = 7A738BE22E93300C005A3861 /* MLXLLM */; };
		7A738BE52E93300C005A3861 /* MLXLMCommon in Frameworks */ = {isa = PBXBuildFile; productRef = 7A738BE42E93300C005A3861 /* MLXLMCommon */; };
		7A738BE72E93300C005A3861 /* MLXMNIST in Frameworks */ = {isa = PBXBuildFile; productRef = 7A738BE62E93300C005A3861 /* MLXMNIST */; };
		7A738BE92E93300C005A3861 /* MLXVLM in Frameworks */ = {isa = PBXBuildFile; productRef = 7A738BE82E93300C005A3861 /* MLXVLM */; };
		7A738BEB2E93300C005A3861 /* StableDiffusion in Frameworks */ = {isa = PBXBuildFile; productRef = 7A738BEA2E93300C005A3861 /* StableDiffusion */; };
/* End PBXBuildFile section */

/* Begin PBXFileReference section */
		1D1D1D191D1D1D19 /* TriageApp.app */ = {isa = PBXFileReference; explicitFileType = wrapper.application; includeInIndex = 0; path = TriageApp.app; sourceTree = BUILT_PRODUCTS_DIR; };
		1D1D1D1C1D1D1D1C /* TriageAppApp.swift */ = {isa = PBXFileReference; lastKnownFileType = sourcecode.swift; path = TriageAppApp.swift; sourceTree = "<group>"; };
		1D1D1D1E1D1D1D1E /* ContentView.swift */ = {isa = PBXFileReference; lastKnownFileType = sourcecode.swift; path = ContentView.swift; sourceTree = "<group>"; };
		1D1D1D201D1D1D20 /* Assets.xcassets */ = {isa = PBXFileReference; lastKnownFileType = folder.assetcatalog; path = Assets.xcassets; sourceTree = "<group>"; };
		1D1D1D231D1D1D23 /* Preview Assets.xcassets */ = {isa = PBXFileReference; lastKnownFileType = folder.assetcatalog; path = "Preview Assets.xcassets"; sourceTree = "<group>"; };
		1D1D1D2A1D1D1D2A /* TriageViewModel.swift */ = {isa = PBXFileReference; lastKnownFileType = sourcecode.swift; path = TriageViewModel.swift; sourceTree = "<group>"; };
		1D1D1D2C1D1D1D2C /* Retriever.swift */ = {isa = PBXFileReference; lastKnownFileType = sourcecode.swift; path = Retriever.swift; sourceTree = "<group>"; };
		1D1D1D301D1D1D30 /* TriageParser.swift */ = {isa = PBXFileReference; lastKnownFileType = sourcecode.swift; path = TriageParser.swift; sourceTree = "<group>"; };
		1D1D1D321D1D1D32 /* PromptBuilder.swift */ = {isa = PBXFileReference; lastKnownFileType = sourcecode.swift; path = PromptBuilder.swift; sourceTree = "<group>"; };
		1D1D1D341D1D1D34 /* chunks.sqlite */ = {isa = PBXFileReference; lastKnownFileType = file; path = chunks.sqlite; sourceTree = "<group>"; };
		1D1D1D361D1D1D36 /* faiss.index */ = {isa = PBXFileReference; lastKnownFileType = file; path = faiss.index; sourceTree = "<group>"; };
		1D1D1D381D1D1D38 /* ids.bin */ = {isa = PBXFileReference; lastKnownFileType = archive.macbinary; path = ids.bin; sourceTree = "<group>"; };
		1D1D1D3F1D1D1D3F /* FAISSBridge.swift */ = {isa = PBXFileReference; lastKnownFileType = sourcecode.swift; path = FAISSBridge.swift; sourceTree = "<group>"; };
		1D1D1D411D1D1D41 /* EmbeddingComputer.swift */ = {isa = PBXFileReference; lastKnownFileType = sourcecode.swift; path = EmbeddingComputer.swift; sourceTree = "<group>"; };
		1D1D1D531D1D1D53 /* DatabaseHelper.swift */ = {isa = PBXFileReference; lastKnownFileType = sourcecode.swift; path = DatabaseHelper.swift; sourceTree = "<group>"; };
		7A738BCC2E92200C005A3861 /* MLXGenerator.swift */ = {isa = PBXFileReference; lastKnownFileType = sourcecode.swift; path = MLXGenerator.swift; sourceTree = "<group>"; };
/* End PBXFileReference section */

/* Begin PBXFileSystemSynchronizedRootGroup section */
		7A738BFE2E9339FB005A3861 /* MLXModels */ = {isa = PBXFileSystemSynchronizedRootGroup; explicitFileTypes = {}; explicitFolders = (); path = MLXModels; sourceTree = "<group>"; };
/* End PBXFileSystemSynchronizedRootGroup section */

/* Begin PBXFrameworksBuildPhase section */
		1D1D1D161D1D1D16 /* Frameworks */ = {
			isa = PBXFrameworksBuildPhase;
			buildActionMask = 2147483647;
			files = (
				7A738BE72E93300C005A3861 /* MLXMNIST in Frameworks */,
				7A738BEB2E93300C005A3861 /* StableDiffusion in Frameworks */,
				7A738BE52E93300C005A3861 /* MLXLMCommon in Frameworks */,
				7A738BE32E93300C005A3861 /* MLXLLM in Frameworks */,
				7A738BE92E93300C005A3861 /* MLXVLM in Frameworks */,
				7A738BDF2E932FE1005A3861 /* MLXLMCommon in Frameworks */,
				7A738BDD2E932FE1005A3861 /* MLXLLM in Frameworks */,
				7A738BE12E93300C005A3861 /* MLXEmbedders in Frameworks */,
			);
			runOnlyForDeploymentPostprocessing = 0;
		};
/* End PBXFrameworksBuildPhase section */

/* Begin PBXGroup section */
		1D1D1D101D1D1D10 = {
			isa = PBXGroup;
			children = (
				1D1D1D1B1D1D1D1B /* TriageApp */,
				7A738BCE2E92219E005A3861 /* Frameworks */,
				1D1D1D1A1D1D1D1A /* Products */,
			);
			sourceTree = "<group>";
		};
		1D1D1D1A1D1D1D1A /* Products */ = {
			isa = PBXGroup;
			children = (
				1D1D1D191D1D1D19 /* TriageApp.app */,
			);
			name = Products;
			sourceTree = "<group>";
		};
		1D1D1D1B1D1D1D1B /* TriageApp */ = {
			isa = PBXGroup;
			children = (
				7A738BCC2E92200C005A3861 /* MLXGenerator.swift */,
				7A738BFE2E9339FB005A3861 /* MLXModels */,
				1D1D1D1C1D1D1D1C /* TriageAppApp.swift */,
				1D1D1D1E1D1D1D1E /* ContentView.swift */,
				1D1D1D2A1D1D1D2A /* TriageViewModel.swift */,
				1D1D1D2C1D1D1D2C /* Retriever.swift */,
				1D1D1D301D1D1D30 /* TriageParser.swift */,
				1D1D1D321D1D1D32 /* PromptBuilder.swift */,
				1D1D1D341D1D1D34 /* chunks.sqlite */,
				1D1D1D361D1D1D36 /* faiss.index */,
				1D1D1D381D1D1D38 /* ids.bin */,
				1D1D1D3F1D1D1D3F /* FAISSBridge.swift */,
				1D1D1D411D1D1D41 /* EmbeddingComputer.swift */,
				1D1D1D531D1D1D53 /* DatabaseHelper.swift */,
				1D1D1D201D1D1D20 /* Assets.xcassets */,
				1D1D1D221D1D1D22 /* Preview Content */,
			);
			path = TriageApp;
			sourceTree = "<group>";
		};
		1D1D1D221D1D1D22 /* Preview Content */ = {
			isa = PBXGroup;
			children = (
				1D1D1D231D1D1D23 /* Preview Assets.xcassets */,
			);
			path = "Preview Content";
			sourceTree = "<group>";
		};
		7A738BCE2E92219E005A3861 /* Frameworks */ = {
			isa = PBXGroup;
			children = (
			);
			name = Frameworks;
			sourceTree = "<group>";
		};
/* End PBXGroup section */

/* Begin PBXNativeTarget section */
		1D1D1D181D1D1D18 /* TriageApp */ = {
			isa = PBXNativeTarget;
			buildConfigurationList = 1D1D1D271D1D1D27 /* Build configuration list for PBXNativeTarget "TriageApp" */;
			buildPhases = (
				1D1D1D151D1D1D15 /* Sources */,
				1D1D1D161D1D1D16 /* Frameworks */,
				1D1D1D171D1D1D17 /* Resources */,
			);
			buildRules = (
			);
			dependencies = (
			);
			fileSystemSynchronizedGroups = (
				7A738BFE2E9339FB005A3861 /* MLXModels */,
			);
			name = TriageApp;
			productName = TriageApp;
			productReference = 1D1D1D191D1D1D19 /* TriageApp.app */;
			productType = "com.apple.product-type.application";
		};
/* End PBXNativeTarget section */

/* Begin PBXProject section */
		1D1D1D111D1D1D11 /* Project object */ = {
			isa = PBXProject;
			attributes = {
				BuildIndependentTargetsInParallel = 1;
				LastSwiftUpdateCheck = 1500;
				LastUpgradeCheck = 1500;
				TargetAttributes = {
					1D1D1D181D1D1D18 = {
						CreatedOnToolsVersion = 15.0;
					};
				};
			};
			buildConfigurationList = 1D1D1D141D1D1D14 /* Build configuration list for PBXProject "TriageApp" */;
			compatibilityVersion = "Xcode 14.0";
			developmentRegion = en;
			hasScannedForEncodings = 0;
			knownRegions = (
				en,
				Base,
			);
			mainGroup = 1D1D1D101D1D1D10;
			packageReferences = (
				7A738BDB2E932FBA005A3861 /* XCRemoteSwiftPackageReference "mlx-swift-examples" */,
			);
			productRefGroup = 1D1D1D1A1D1D1D1A /* Products */;
			projectDirPath = "";
			projectRoot = "";
			targets = (
				1D1D1D181D1D1D18 /* TriageApp */,
			);
		};
/* End PBXProject section */

/* Begin PBXResourcesBuildPhase section */
		1D1D1D171D1D1D17 /* Resources */ = {
			isa = PBXResourcesBuildPhase;
			buildActionMask = 2147483647;
			files = (
				1D1D1D241D1D1D24 /* Preview Assets.xcassets in Resources */,
				1D1D1D211D1D1D21 /* Assets.xcassets in Resources */,
				1D1D1D351D1D1D35 /* chunks.sqlite in Resources */,
				1D1D1D371D1D1D37 /* faiss.index in Resources */,
				1D1D1D391D1D1D39 /* ids.bin in Resources */,
			);
			runOnlyForDeploymentPostprocessing = 0;
		};
/* End PBXResourcesBuildPhase section */

/* Begin PBXSourcesBuildPhase section */
		1D1D1D151D1D1D15 /* Sources */ = {
			isa = PBXSourcesBuildPhase;
			buildActionMask = 2147483647;
			files = (
				1D1D1D1F1D1D1D1F /* ContentView.swift in Sources */,
				1D1D1D2B1D1D1D2B /* TriageViewModel.swift in Sources */,
				1D1D1D2D1D1D1D2D /* Retriever.swift in Sources */,
				1D1D1D311D1D1D31 /* TriageParser.swift in Sources */,
				1D1D1D331D1D1D33 /* PromptBuilder.swift in Sources */,
				1D1D1D3E1D1D1D3E /* FAISSBridge.swift in Sources */,
				1D1D1D401D1D1D40 /* EmbeddingComputer.swift in Sources */,
				1D1D1D521D1D1D52 /* DatabaseHelper.swift in Sources */,
				1D1D1D1D1D1D1D1D /* TriageAppApp.swift in Sources */,
				7A738BCD2E92200C005A3861 /* MLXGenerator.swift in Sources */,
			);
			runOnlyForDeploymentPostprocessing = 0;
		};
/* End PBXSourcesBuildPhase section */

/* Begin XCBuildConfiguration section */
		1D1D1D251D1D1D25 /* Debug */ = {
			isa = XCBuildConfiguration;
			buildSettings = {
				ALWAYS_SEARCH_USER_PATHS = NO;
				ASSETCATALOG_COMPILER_GENERATE_SWIFT_ASSET_SYMBOL_EXTENSIONS = YES;
				CLANG_ANALYZER_NONNULL = YES;
				CLANG_ANALYZER_NUMBER_OBJECT_CONVERSION = YES_AGGRESSIVE;
				CLANG_CXX_LANGUAGE_STANDARD = "gnu++20";
				CLANG_ENABLE_MODULES = YES;
				CLANG_ENABLE_OBJC_ARC = YES;
				CLANG_ENABLE_OBJC_WEAK = YES;
				CLANG_WARN_BLOCK_CAPTURE_AUTORELEASING = YES;
				CLANG_WARN_BOOL_CONVERSION = YES;
				CLANG_WARN_COMMA = YES;
				CLANG_WARN_CONSTANT_CONVERSION = YES;
				CLANG_WARN_DEPRECATED_OBJC_IMPLEMENTATIONS = YES;
				CLANG_WARN_DIRECT_OBJC_ISA_USAGE = YES_ERROR;
				CLANG_WARN_DOCUMENTATION_COMMENTS = YES;
				CLANG_WARN_EMPTY_BODY = YES;
				CLANG_WARN_ENUM_CONVERSION = YES;
				CLANG_WARN_INFINITE_RECURSION = YES;
				CLANG_WARN_INT_CONVERSION = YES;
				CLANG_WARN_NON_LITERAL_NULL_CONVERSION = YES;
				CLANG_WARN_OBJC_IMPLICIT_RETAIN_SELF = YES;
				CLANG_WARN_OBJC_LITERAL_CONVERSION = YES;
				CLANG_WARN_OBJC_ROOT_CLASS = YES_ERROR;
				CLANG_WARN_QUOTED_INCLUDE_IN_FRAMEWORK_HEADER = YES;
				CLANG_WARN_RANGE_LOOP_ANALYSIS = YES;
				CLANG_WARN_STRICT_PROTOTYPES = YES;
				CLANG_WARN_SUSPICIOUS_MOVE = YES;
				CLANG_WARN_UNGUARDED_AVAILABILITY = YES_AGGRESSIVE;
				CLANG_WARN_UNREACHABLE_CODE = YES;
				CLANG_WARN__DUPLICATE_METHOD_MATCH = YES;
				COPY_PHASE_STRIP = NO;
				DEBUG_INFORMATION_FORMAT = dwarf;
				ENABLE_STRICT_OBJC_MSGSEND = YES;
				ENABLE_TESTABILITY = YES;
				ENABLE_USER_SCRIPT_SANDBOXING = YES;
				GCC_C_LANGUAGE_STANDARD = gnu17;
				GCC_DYNAMIC_NO_PIC = NO;
				GCC_NO_COMMON_BLOCKS = YES;
				GCC_OPTIMIZATION_LEVEL = 0;
				GCC_PREPROCESSOR_DEFINITIONS = (
					"DEBUG=1",
					"$(inherited)",
				);
				GCC_WARN_64_TO_32_BIT_CONVERSION = YES;
				GCC_WARN_ABOUT_RETURN_TYPE = YES_ERROR;
				GCC_WARN_UNDECLARED_SELECTOR = YES;
				GCC_WARN_UNINITIALIZED_AUTOS = YES_AGGRESSIVE;
				GCC_WARN_UNUSED_FUNCTION = YES;
				GCC_WARN_UNUSED_VARIABLE = YES;
				IPHONEOS_DEPLOYMENT_TARGET = 17.0;
				LOCALIZATION_PREFERS_STRING_CATALOGS = YES;
				MTL_ENABLE_DEBUG_INFO = INCLUDE_SOURCE;
				MTL_FAST_MATH = YES;
				ONLY_ACTIVE_ARCH = YES;
				SDKROOT = iphoneos;
				SWIFT_ACTIVE_COMPILATION_CONDITIONS = "DEBUG $(inherited)";
				SWIFT_OPTIMIZATION_LEVEL = "-Onone";
			};
			name = Debug;
		};
		1D1D1D261D1D1D26 /* Release */ = {
			isa = XCBuildConfiguration;
			buildSettings = {
				ALWAYS_SEARCH_USER_PATHS = NO;
				ASSETCATALOG_COMPILER_GENERATE_SWIFT_ASSET_SYMBOL_EXTENSIONS = YES;
				CLANG_ANALYZER_NONNULL = YES;
				CLANG_ANALYZER_NUMBER_OBJECT_CONVERSION = YES_AGGRESSIVE;
				CLANG_CXX_LANGUAGE_STANDARD = "gnu++20";
				CLANG_ENABLE_MODULES = YES;
				CLANG_ENABLE_OBJC_ARC = YES;
				CLANG_ENABLE_OBJC_WEAK = YES;
				CLANG_WARN_BLOCK_CAPTURE_AUTORELEASING = YES;
				CLANG_WARN_BOOL_CONVERSION = YES;
				CLANG_WARN_COMMA = YES;
				CLANG_WARN_CONSTANT_CONVERSION = YES;
				CLANG_WARN_DEPRECATED_OBJC_IMPLEMENTATIONS = YES;
				CLANG_WARN_DIRECT_OBJC_ISA_USAGE = YES_ERROR;
				CLANG_WARN_DOCUMENTATION_COMMENTS = YES;
				CLANG_WARN_EMPTY_BODY = YES;
				CLANG_WARN_ENUM_CONVERSION = YES;
				CLANG_WARN_INFINITE_RECURSION = YES;
				CLANG_WARN_INT_CONVERSION = YES;
				CLANG_WARN_NON_LITERAL_NULL_CONVERSION = YES;
				CLANG_WARN_OBJC_IMPLICIT_RETAIN_SELF = YES;
				CLANG_WARN_OBJC_LITERAL_CONVERSION = YES;
				CLANG_WARN_OBJC_ROOT_CLASS = YES_ERROR;
				CLANG_WARN_QUOTED_INCLUDE_IN_FRAMEWORK_HEADER = YES;
				CLANG_WARN_RANGE_LOOP_ANALYSIS = YES;
				CLANG_WARN_STRICT_PROTOTYPES = YES;
				CLANG_WARN_SUSPICIOUS_MOVE = YES;
				CLANG_WARN_UNGUARDED_AVAILABILITY = YES_AGGRESSIVE;
				CLANG_WARN_UNREACHABLE_CODE = YES;
				CLANG_WARN__DUPLICATE_METHOD_MATCH = YES;
				COPY_PHASE_STRIP = NO;
				DEBUG_INFORMATION_FORMAT = "dwarf-with-dsym";
				ENABLE_NS_ASSERTIONS = NO;
				ENABLE_STRICT_OBJC_MSGSEND = YES;
				ENABLE_USER_SCRIPT_SANDBOXING = YES;
				GCC_C_LANGUAGE_STANDARD = gnu17;
				GCC_NO_COMMON_BLOCKS = YES;
				GCC_WARN_64_TO_32_BIT_CONVERSION = YES;
				GCC_WARN_ABOUT_RETURN_TYPE = YES_ERROR;
				GCC_WARN_UNDECLARED_SELECTOR = YES;
				GCC_WARN_UNINITIALIZED_AUTOS = YES_AGGRESSIVE;
				GCC_WARN_UNUSED_FUNCTION = YES;
				GCC_WARN_UNUSED_VARIABLE = YES;
				IPHONEOS_DEPLOYMENT_TARGET = 17.0;
				LOCALIZATION_PREFERS_STRING_CATALOGS = YES;
				MTL_ENABLE_DEBUG_INFO = NO;
				MTL_FAST_MATH = YES;
				SDKROOT = iphoneos;
				SWIFT_COMPILATION_MODE = wholemodule;
				VALIDATE_PRODUCT = YES;
			};
			name = Release;
		};
		1D1D1D281D1D1D28 /* Debug */ = {
			isa = XCBuildConfiguration;
			buildSettings = {
				ASSETCATALOG_COMPILER_APPICON_NAME = AppIcon;
				ASSETCATALOG_COMPILER_GLOBAL_ACCENT_COLOR_NAME = AccentColor;
				CODE_SIGN_STYLE = Automatic;
				CURRENT_PROJECT_VERSION = 1;
				DEVELOPMENT_ASSET_PATHS = "\"TriageApp/Preview Content\"";
				DEVELOPMENT_TEAM = 23KHUU57X5;
				ENABLE_PREVIEWS = YES;
				GENERATE_INFOPLIST_FILE = YES;
				INFOPLIST_KEY_UIApplicationSceneManifest_Generation = YES;
				INFOPLIST_KEY_UIApplicationSupportsIndirectInputEvents = YES;
				INFOPLIST_KEY_UILaunchScreen_Generation = YES;
				INFOPLIST_KEY_UISupportedInterfaceOrientations_iPad = "UIInterfaceOrientationPortrait UIInterfaceOrientationPortraitUpsideDown UIInterfaceOrientationLandscapeLeft UIInterfaceOrientationLandscapeRight";
				INFOPLIST_KEY_UISupportedInterfaceOrientations_iPhone = "UIInterfaceOrientationPortrait UIInterfaceOrientationLandscapeLeft UIInterfaceOrientationLandscapeRight";
				LD_RUNPATH_SEARCH_PATHS = (
					"$(inherited)",
					"@executable_path/Frameworks",
				);
				MARKETING_VERSION = 1.0;
				PRODUCT_BUNDLE_IDENTIFIER = com.hft.TriageApp;
				PRODUCT_NAME = "$(TARGET_NAME)";
				SWIFT_EMIT_LOC_STRINGS = YES;
				SWIFT_VERSION = 5.0;
				TARGETED_DEVICE_FAMILY = "1,2";
			};
			name = Debug;
		};
		1D1D1D291D1D1D29 /* Release */ = {
			isa = XCBuildConfiguration;
			buildSettings = {
				ASSETCATALOG_COMPILER_APPICON_NAME = AppIcon;
				ASSETCATALOG_COMPILER_GLOBAL_ACCENT_COLOR_NAME = AccentColor;
				CODE_SIGN_STYLE = Automatic;
				CURRENT_PROJECT_VERSION = 1;
				DEVELOPMENT_ASSET_PATHS = "\"TriageApp/Preview Content\"";
				DEVELOPMENT_TEAM = 23KHUU57X5;
				ENABLE_PREVIEWS = YES;
				GENERATE_INFOPLIST_FILE = YES;
				INFOPLIST_KEY_UIApplicationSceneManifest_Generation = YES;
				INFOPLIST_KEY_UIApplicationSupportsIndirectInputEvents = YES;
				INFOPLIST_KEY_UILaunchScreen_Generation = YES;
				INFOPLIST_KEY_UISupportedInterfaceOrientations_iPad = "UIInterfaceOrientationPortrait UIInterfaceOrientationPortraitUpsideDown UIInterfaceOrientationLandscapeLeft UIInterfaceOrientationLandscapeRight";
				INFOPLIST_KEY_UISupportedInterfaceOrientations_iPhone = "UIInterfaceOrientationPortrait UIInterfaceOrientationLandscapeLeft UIInterfaceOrientationLandscapeRight";
				LD_RUNPATH_SEARCH_PATHS = (
					"$(inherited)",
					"@executable_path/Frameworks",
				);
				MARKETING_VERSION = 1.0;
				PRODUCT_BUNDLE_IDENTIFIER = com.hft.TriageApp;
				PRODUCT_NAME = "$(TARGET_NAME)";
				SWIFT_EMIT_LOC_STRINGS = YES;
				SWIFT_VERSION = 5.0;
				TARGETED_DEVICE_FAMILY = "1,2";
			};
			name = Release;
		};
/* End XCBuildConfiguration section */

/* Begin XCConfigurationList section */
		1D1D1D141D1D1D14 /* Build configuration list for PBXProject "TriageApp" */ = {
			isa = XCConfigurationList;
			buildConfigurations = (
				1D1D1D251D1D1D25 /* Debug */,
				1D1D1D261D1D1D26 /* Release */,
			);
			defaultConfigurationIsVisible = 0;
			defaultConfigurationName = Release;
		};
		1D1D1D271D1D1D27 /* Build configuration list for PBXNativeTarget "TriageApp" */ = {
			isa = XCConfigurationList;
			buildConfigurations = (
				1D1D1D281D1D1D28 /* Debug */,
				1D1D1D291D1D1D29 /* Release */,
			);
			defaultConfigurationIsVisible = 0;
			defaultConfigurationName = Release;
		};
/* End XCConfigurationList section */

/* Begin XCRemoteSwiftPackageReference section */
		7A738BDB2E932FBA005A3861 /* XCRemoteSwiftPackageReference "mlx-swift-examples" */ = {
			isa = XCRemoteSwiftPackageReference;
			repositoryURL = "https://github.com/ml-explore/mlx-swift-examples";
			requirement = {
				kind = upToNextMajorVersion;
				minimumVersion = 2.25.8;
			};
		};
/* End XCRemoteSwiftPackageReference section */

/* Begin XCSwiftPackageProductDependency section */
		7A738BDC2E932FE1005A3861 /* MLXLLM */ = {
			isa = XCSwiftPackageProductDependency;
			package = 7A738BDB2E932FBA005A3861 /* XCRemoteSwiftPackageReference "mlx-swift-examples" */;
			productName = MLXLLM;
		};
		7A738BDE2E932FE1005A3861 /* MLXLMCommon */ = {
			isa = XCSwiftPackageProductDependency;
			package = 7A738BDB2E932FBA005A3861 /* XCRemoteSwiftPackageReference "mlx-swift-examples" */;
			productName = MLXLMCommon;
		};
		7A738BE02E93300C005A3861 /* MLXEmbedders */ = {
			isa = XCSwiftPackageProductDependency;
			package = 7A738BDB2E932FBA005A3861 /* XCRemoteSwiftPackageReference "mlx-swift-examples" */;
			productName = MLXEmbedders;
		};
		7A738BE22E93300C005A3861 /* MLXLLM */ = {
			isa = XCSwiftPackageProductDependency;
			package = 7A738BDB2E932FBA005A3861 /* XCRemoteSwiftPackageReference "mlx-swift-examples" */;
			productName = MLXLLM;
		};
		7A738BE42E93300C005A3861 /* MLXLMCommon */ = {
			isa = XCSwiftPackageProductDependency;
			package = 7A738BDB2E932FBA005A3861 /* XCRemoteSwiftPackageReference "mlx-swift-examples" */;
			productName = MLXLMCommon;
		};
		7A738BE62E93300C005A3861 /* MLXMNIST */ = {
			isa = XCSwiftPackageProductDependency;
			package = 7A738BDB2E932FBA005A3861 /* XCRemoteSwiftPackageReference "mlx-swift-examples" */;
			productName = MLXMNIST;
		};
		7A738BE82E93300C005A3861 /* MLXVLM */ = {
			isa = XCSwiftPackageProductDependency;
			package = 7A738BDB2E932FBA005A3861 /* XCRemoteSwiftPackageReference "mlx-swift-examples" */;
			productName = MLXVLM;
		};
		7A738BEA2E93300C005A3861 /* StableDiffusion */ = {
			isa = XCSwiftPackageProductDependency;
			package = 7A738BDB2E932FBA005A3861 /* XCRemoteSwiftPackageReference "mlx-swift-examples" */;
			productName = StableDiffusion;
		};
/* End XCSwiftPackageProductDependency section */
	};
	rootObject = 1D1D1D111D1D1D11 /* Project object */;
}
